
Microsoft Visual Studio Solution File, Format Version 12.00
# Visual Studio 15
VisualStudioVersion = 15.0.28010.2036
MinimumVisualStudioVersion = 10.0.40219.1
Project("{FAE04EC0-301F-11D3-BF4B-00C04F79EFBC}") = "GisPlateformV1.0", "GisPlateformV1.0\GisPlateformV1.0.csproj", "{772AF060-CBC1-4200-886F-43096D9BFE1A}"
EndProject
Project("{FAE04EC0-301F-11D3-BF4B-00C04F79EFBC}") = "GisPlateform.IDAL", "GisPlateform.IDAL\GisPlateform.IDAL.csproj", "{0FE54FDD-FF65-4B0E-9662-1C4710AB950E}"
EndProject
Project("{FAE04EC0-301F-11D3-BF4B-00C04F79EFBC}") = "GisPlateform.Database", "GisPlateform.Database\GisPlateform.Database.csproj", "{87681A1E-877E-43D5-9410-448F6D31432F}"
EndProject
Project("{FAE04EC0-301F-11D3-BF4B-00C04F79EFBC}") = "GisPlateform.Model", "GisPlateform.Model\GisPlateform.Model.csproj", "{6D780218-F7C8-442D-8C92-5AB290E717F9}"
EndProject
Project("{FAE04EC0-301F-11D3-BF4B-00C04F79EFBC}") = "GisPlateform.SQLServerDAL", "GisPlateform.SQLServerDAL\GisPlateform.SQLServerDAL.csproj", "{903B90FA-9645-4348-AA21-7542F7FADAB1}"
EndProject
Project("{FAE04EC0-301F-11D3-BF4B-00C04F79EFBC}") = "GisPlateform.PostgreSQLDAL", "GisPlateform.PostgreSQLDAL\GisPlateform.PostgreSQLDAL.csproj", "{790A8587-33D9-41F6-8C85-00B92AA3CFAE}"
EndProject
Project("{FAE04EC0-301F-11D3-BF4B-00C04F79EFBC}") = "GisPlateform.CommonTools", "GisPlateform.CommonTools\GisPlateform.CommonTools.csproj", "{65B6B03A-D595-4B08-BDC4-79C92C8FD3CE}"
EndProject
Global
	GlobalSection(SolutionConfigurationPlatforms) = preSolution
		Debug|Any CPU = Debug|Any CPU
		Debug|ARM = Debug|ARM
		Debug|ARM64 = Debug|ARM64
		Debug|x64 = Debug|x64
		Debug|x86 = Debug|x86
		Release|Any CPU = Release|Any CPU
		Release|ARM = Release|ARM
		Release|ARM64 = Release|ARM64
		Release|x64 = Release|x64
		Release|x86 = Release|x86
	EndGlobalSection
	GlobalSection(ProjectConfigurationPlatforms) = postSolution
		{772AF060-CBC1-4200-886F-43096D9BFE1A}.Debug|Any CPU.ActiveCfg = Debug|Any CPU
		{772AF060-CBC1-4200-886F-43096D9BFE1A}.Debug|Any CPU.Build.0 = Debug|Any CPU
		{772AF060-CBC1-4200-886F-43096D9BFE1A}.Debug|ARM.ActiveCfg = Debug|Any CPU
		{772AF060-CBC1-4200-886F-43096D9BFE1A}.Debug|ARM.Build.0 = Debug|Any CPU
		{772AF060-CBC1-4200-886F-43096D9BFE1A}.Debug|ARM64.ActiveCfg = Debug|Any CPU
		{772AF060-CBC1-4200-886F-43096D9BFE1A}.Debug|ARM64.Build.0 = Debug|Any CPU
		{772AF060-CBC1-4200-886F-43096D9BFE1A}.Debug|x64.ActiveCfg = Debug|Any CPU
		{772AF060-CBC1-4200-886F-43096D9BFE1A}.Debug|x64.Build.0 = Debug|Any CPU
		{772AF060-CBC1-4200-886F-43096D9BFE1A}.Debug|x86.ActiveCfg = Debug|Any CPU
		{772AF060-CBC1-4200-886F-43096D9BFE1A}.Debug|x86.Build.0 = Debug|Any CPU
		{772AF060-CBC1-4200-886F-43096D9BFE1A}.Release|Any CPU.ActiveCfg = Release|Any CPU
		{772AF060-CBC1-4200-886F-43096D9BFE1A}.Release|Any CPU.Build.0 = Release|Any CPU
		{772AF060-CBC1-4200-886F-43096D9BFE1A}.Release|ARM.ActiveCfg = Release|Any CPU
		{772AF060-CBC1-4200-886F-43096D9BFE1A}.Release|ARM.Build.0 = Release|Any CPU
		{772AF060-CBC1-4200-886F-43096D9BFE1A}.Release|ARM64.ActiveCfg = Release|Any CPU
		{772AF060-CBC1-4200-886F-43096D9BFE1A}.Release|ARM64.Build.0 = Release|Any CPU
		{772AF060-CBC1-4200-886F-43096D9BFE1A}.Release|x64.ActiveCfg = Release|Any CPU
		{772AF060-CBC1-4200-886F-43096D9BFE1A}.Release|x64.Build.0 = Release|Any CPU
		{772AF060-CBC1-4200-886F-43096D9BFE1A}.Release|x86.ActiveCfg = Release|Any CPU
		{772AF060-CBC1-4200-886F-43096D9BFE1A}.Release|x86.Build.0 = Release|Any CPU
		{0FE54FDD-FF65-4B0E-9662-1C4710AB950E}.Debug|Any CPU.ActiveCfg = Debug|Any CPU
		{0FE54FDD-FF65-4B0E-9662-1C4710AB950E}.Debug|Any CPU.Build.0 = Debug|Any CPU
		{0FE54FDD-FF65-4B0E-9662-1C4710AB950E}.Debug|ARM.ActiveCfg = Debug|Any CPU
		{0FE54FDD-FF65-4B0E-9662-1C4710AB950E}.Debug|ARM.Build.0 = Debug|Any CPU
		{0FE54FDD-FF65-4B0E-9662-1C4710AB950E}.Debug|ARM64.ActiveCfg = Debug|Any CPU
		{0FE54FDD-FF65-4B0E-9662-1C4710AB950E}.Debug|ARM64.Build.0 = Debug|Any CPU
		{0FE54FDD-FF65-4B0E-9662-1C4710AB950E}.Debug|x64.ActiveCfg = Debug|Any CPU
		{0FE54FDD-FF65-4B0E-9662-1C4710AB950E}.Debug|x64.Build.0 = Debug|Any CPU
		{0FE54FDD-FF65-4B0E-9662-1C4710AB950E}.Debug|x86.ActiveCfg = Debug|Any CPU
		{0FE54FDD-FF65-4B0E-9662-1C4710AB950E}.Debug|x86.Build.0 = Debug|Any CPU
		{0FE54FDD-FF65-4B0E-9662-1C4710AB950E}.Release|Any CPU.ActiveCfg = Release|Any CPU
		{0FE54FDD-FF65-4B0E-9662-1C4710AB950E}.Release|Any CPU.Build.0 = Release|Any CPU
		{0FE54FDD-FF65-4B0E-9662-1C4710AB950E}.Release|ARM.ActiveCfg = Release|Any CPU
		{0FE54FDD-FF65-4B0E-9662-1C4710AB950E}.Release|ARM.Build.0 = Release|Any CPU
		{0FE54FDD-FF65-4B0E-9662-1C4710AB950E}.Release|ARM64.ActiveCfg = Release|Any CPU
		{0FE54FDD-FF65-4B0E-9662-1C4710AB950E}.Release|ARM64.Build.0 = Release|Any CPU
		{0FE54FDD-FF65-4B0E-9662-1C4710AB950E}.Release|x64.ActiveCfg = Release|Any CPU
		{0FE54FDD-FF65-4B0E-9662-1C4710AB950E}.Release|x64.Build.0 = Release|Any CPU
		{0FE54FDD-FF65-4B0E-9662-1C4710AB950E}.Release|x86.ActiveCfg = Release|Any CPU
		{0FE54FDD-FF65-4B0E-9662-1C4710AB950E}.Release|x86.Build.0 = Release|Any CPU
		{87681A1E-877E-43D5-9410-448F6D31432F}.Debug|Any CPU.ActiveCfg = Debug|Any CPU
		{87681A1E-877E-43D5-9410-448F6D31432F}.Debug|Any CPU.Build.0 = Debug|Any CPU
		{87681A1E-877E-43D5-9410-448F6D31432F}.Debug|ARM.ActiveCfg = Debug|Any CPU
		{87681A1E-877E-43D5-9410-448F6D31432F}.Debug|ARM.Build.0 = Debug|Any CPU
		{87681A1E-877E-43D5-9410-448F6D31432F}.Debug|ARM64.ActiveCfg = Debug|Any CPU
		{87681A1E-877E-43D5-9410-448F6D31432F}.Debug|ARM64.Build.0 = Debug|Any CPU
		{87681A1E-877E-43D5-9410-448F6D31432F}.Debug|x64.ActiveCfg = Debug|Any CPU
		{87681A1E-877E-43D5-9410-448F6D31432F}.Debug|x64.Build.0 = Debug|Any CPU
		{87681A1E-877E-43D5-9410-448F6D31432F}.Debug|x86.ActiveCfg = Debug|Any CPU
		{87681A1E-877E-43D5-9410-448F6D31432F}.Debug|x86.Build.0 = Debug|Any CPU
		{87681A1E-877E-43D5-9410-448F6D31432F}.Release|Any CPU.ActiveCfg = Release|Any CPU
		{87681A1E-877E-43D5-9410-448F6D31432F}.Release|Any CPU.Build.0 = Release|Any CPU
		{87681A1E-877E-43D5-9410-448F6D31432F}.Release|ARM.ActiveCfg = Release|Any CPU
		{87681A1E-877E-43D5-9410-448F6D31432F}.Release|ARM.Build.0 = Release|Any CPU
		{87681A1E-877E-43D5-9410-448F6D31432F}.Release|ARM64.ActiveCfg = Release|Any CPU
		{87681A1E-877E-43D5-9410-448F6D31432F}.Release|ARM64.Build.0 = Release|Any CPU
		{87681A1E-877E-43D5-9410-448F6D31432F}.Release|x64.ActiveCfg = Release|Any CPU
		{87681A1E-877E-43D5-9410-448F6D31432F}.Release|x64.Build.0 = Release|Any CPU
		{87681A1E-877E-43D5-9410-448F6D31432F}.Release|x86.ActiveCfg = Release|Any CPU
		{87681A1E-877E-43D5-9410-448F6D31432F}.Release|x86.Build.0 = Release|Any CPU
		{6D780218-F7C8-442D-8C92-5AB290E717F9}.Debug|Any CPU.ActiveCfg = Debug|Any CPU
		{6D780218-F7C8-442D-8C92-5AB290E717F9}.Debug|Any CPU.Build.0 = Debug|Any CPU
		{6D780218-F7C8-442D-8C92-5AB290E717F9}.Debug|ARM.ActiveCfg = Debug|Any CPU
		{6D780218-F7C8-442D-8C92-5AB290E717F9}.Debug|ARM.Build.0 = Debug|Any CPU
		{6D780218-F7C8-442D-8C92-5AB290E717F9}.Debug|ARM64.ActiveCfg = Debug|Any CPU
		{6D780218-F7C8-442D-8C92-5AB290E717F9}.Debug|ARM64.Build.0 = Debug|Any CPU
		{6D780218-F7C8-442D-8C92-5AB290E717F9}.Debug|x64.ActiveCfg = Debug|Any CPU
		{6D780218-F7C8-442D-8C92-5AB290E717F9}.Debug|x64.Build.0 = Debug|Any CPU
		{6D780218-F7C8-442D-8C92-5AB290E717F9}.Debug|x86.ActiveCfg = Debug|Any CPU
		{6D780218-F7C8-442D-8C92-5AB290E717F9}.Debug|x86.Build.0 = Debug|Any CPU
		{6D780218-F7C8-442D-8C92-5AB290E717F9}.Release|Any CPU.ActiveCfg = Release|Any CPU
		{6D780218-F7C8-442D-8C92-5AB290E717F9}.Release|Any CPU.Build.0 = Release|Any CPU
		{6D780218-F7C8-442D-8C92-5AB290E717F9}.Release|ARM.ActiveCfg = Release|Any CPU
		{6D780218-F7C8-442D-8C92-5AB290E717F9}.Release|ARM.Build.0 = Release|Any CPU
		{6D780218-F7C8-442D-8C92-5AB290E717F9}.Release|ARM64.ActiveCfg = Release|Any CPU
		{6D780218-F7C8-442D-8C92-5AB290E717F9}.Release|ARM64.Build.0 = Release|Any CPU
		{6D780218-F7C8-442D-8C92-5AB290E717F9}.Release|x64.ActiveCfg = Release|Any CPU
		{6D780218-F7C8-442D-8C92-5AB290E717F9}.Release|x64.Build.0 = Release|Any CPU
		{6D780218-F7C8-442D-8C92-5AB290E717F9}.Release|x86.ActiveCfg = Release|Any CPU
		{6D780218-F7C8-442D-8C92-5AB290E717F9}.Release|x86.Build.0 = Release|Any CPU
		{903B90FA-9645-4348-AA21-7542F7FADAB1}.Debug|Any CPU.ActiveCfg = Debug|Any CPU
		{903B90FA-9645-4348-AA21-7542F7FADAB1}.Debug|Any CPU.Build.0 = Debug|Any CPU
		{903B90FA-9645-4348-AA21-7542F7FADAB1}.Debug|ARM.ActiveCfg = Debug|Any CPU
		{903B90FA-9645-4348-AA21-7542F7FADAB1}.Debug|ARM.Build.0 = Debug|Any CPU
		{903B90FA-9645-4348-AA21-7542F7FADAB1}.Debug|ARM64.ActiveCfg = Debug|Any CPU
		{903B90FA-9645-4348-AA21-7542F7FADAB1}.Debug|ARM64.Build.0 = Debug|Any CPU
		{903B90FA-9645-4348-AA21-7542F7FADAB1}.Debug|x64.ActiveCfg = Debug|Any CPU
		{903B90FA-9645-4348-AA21-7542F7FADAB1}.Debug|x64.Build.0 = Debug|Any CPU
		{903B90FA-9645-4348-AA21-7542F7FADAB1}.Debug|x86.ActiveCfg = Debug|Any CPU
		{903B90FA-9645-4348-AA21-7542F7FADAB1}.Debug|x86.Build.0 = Debug|Any CPU
		{903B90FA-9645-4348-AA21-7542F7FADAB1}.Release|Any CPU.ActiveCfg = Release|Any CPU
		{903B90FA-9645-4348-AA21-7542F7FADAB1}.Release|Any CPU.Build.0 = Release|Any CPU
		{903B90FA-9645-4348-AA21-7542F7FADAB1}.Release|ARM.ActiveCfg = Release|Any CPU
		{903B90FA-9645-4348-AA21-7542F7FADAB1}.Release|ARM.Build.0 = Release|Any CPU
		{903B90FA-9645-4348-AA21-7542F7FADAB1}.Release|ARM64.ActiveCfg = Release|Any CPU
		{903B90FA-9645-4348-AA21-7542F7FADAB1}.Release|ARM64.Build.0 = Release|Any CPU
		{903B90FA-9645-4348-AA21-7542F7FADAB1}.Release|x64.ActiveCfg = Release|Any CPU
		{903B90FA-9645-4348-AA21-7542F7FADAB1}.Release|x64.Build.0 = Release|Any CPU
		{903B90FA-9645-4348-AA21-7542F7FADAB1}.Release|x86.ActiveCfg = Release|Any CPU
		{903B90FA-9645-4348-AA21-7542F7FADAB1}.Release|x86.Build.0 = Release|Any CPU
		{790A8587-33D9-41F6-8C85-00B92AA3CFAE}.Debug|Any CPU.ActiveCfg = Debug|Any CPU
		{790A8587-33D9-41F6-8C85-00B92AA3CFAE}.Debug|Any CPU.Build.0 = Debug|Any CPU
		{790A8587-33D9-41F6-8C85-00B92AA3CFAE}.Debug|ARM.ActiveCfg = Debug|Any CPU
		{790A8587-33D9-41F6-8C85-00B92AA3CFAE}.Debug|ARM.Build.0 = Debug|Any CPU
		{790A8587-33D9-41F6-8C85-00B92AA3CFAE}.Debug|ARM64.ActiveCfg = Debug|Any CPU
		{790A8587-33D9-41F6-8C85-00B92AA3CFAE}.Debug|ARM64.Build.0 = Debug|Any CPU
		{790A8587-33D9-41F6-8C85-00B92AA3CFAE}.Debug|x64.ActiveCfg = Debug|Any CPU
		{790A8587-33D9-41F6-8C85-00B92AA3CFAE}.Debug|x64.Build.0 = Debug|Any CPU
		{790A8587-33D9-41F6-8C85-00B92AA3CFAE}.Debug|x86.ActiveCfg = Debug|Any CPU
		{790A8587-33D9-41F6-8C85-00B92AA3CFAE}.Debug|x86.Build.0 = Debug|Any CPU
		{790A8587-33D9-41F6-8C85-00B92AA3CFAE}.Release|Any CPU.ActiveCfg = Release|Any CPU
		{790A8587-33D9-41F6-8C85-00B92AA3CFAE}.Release|Any CPU.Build.0 = Release|Any CPU
		{790A8587-33D9-41F6-8C85-00B92AA3CFAE}.Release|ARM.ActiveCfg = Release|Any CPU
		{790A8587-33D9-41F6-8C85-00B92AA3CFAE}.Release|ARM.Build.0 = Release|Any CPU
		{790A8587-33D9-41F6-8C85-00B92AA3CFAE}.Release|ARM64.ActiveCfg = Release|Any CPU
		{790A8587-33D9-41F6-8C85-00B92AA3CFAE}.Release|ARM64.Build.0 = Release|Any CPU
		{790A8587-33D9-41F6-8C85-00B92AA3CFAE}.Release|x64.ActiveCfg = Release|Any CPU
		{790A8587-33D9-41F6-8C85-00B92AA3CFAE}.Release|x64.Build.0 = Release|Any CPU
		{790A8587-33D9-41F6-8C85-00B92AA3CFAE}.Release|x86.ActiveCfg = Release|Any CPU
		{790A8587-33D9-41F6-8C85-00B92AA3CFAE}.Release|x86.Build.0 = Release|Any CPU
		{65B6B03A-D595-4B08-BDC4-79C92C8FD3CE}.Debug|Any CPU.ActiveCfg = Debug|Any CPU
		{65B6B03A-D595-4B08-BDC4-79C92C8FD3CE}.Debug|Any CPU.Build.0 = Debug|Any CPU
		{65B6B03A-D595-4B08-BDC4-79C92C8FD3CE}.Debug|ARM.ActiveCfg = Debug|Any CPU
		{65B6B03A-D595-4B08-BDC4-79C92C8FD3CE}.Debug|ARM.Build.0 = Debug|Any CPU
		{65B6B03A-D595-4B08-BDC4-79C92C8FD3CE}.Debug|ARM64.ActiveCfg = Debug|Any CPU
		{65B6B03A-D595-4B08-BDC4-79C92C8FD3CE}.Debug|ARM64.Build.0 = Debug|Any CPU
		{65B6B03A-D595-4B08-BDC4-79C92C8FD3CE}.Debug|x64.ActiveCfg = Debug|Any CPU
		{65B6B03A-D595-4B08-BDC4-79C92C8FD3CE}.Debug|x64.Build.0 = Debug|Any CPU
		{65B6B03A-D595-4B08-BDC4-79C92C8FD3CE}.Debug|x86.ActiveCfg = Debug|Any CPU
		{65B6B03A-D595-4B08-BDC4-79C92C8FD3CE}.Debug|x86.Build.0 = Debug|Any CPU
		{65B6B03A-D595-4B08-BDC4-79C92C8FD3CE}.Release|Any CPU.ActiveCfg = Release|Any CPU
		{65B6B03A-D595-4B08-BDC4-79C92C8FD3CE}.Release|Any CPU.Build.0 = Release|Any CPU
		{65B6B03A-D595-4B08-BDC4-79C92C8FD3CE}.Release|ARM.ActiveCfg = Release|Any CPU
		{65B6B03A-D595-4B08-BDC4-79C92C8FD3CE}.Release|ARM.Build.0 = Release|Any CPU
		{65B6B03A-D595-4B08-BDC4-79C92C8FD3CE}.Release|ARM64.ActiveCfg = Release|Any CPU
		{65B6B03A-D595-4B08-BDC4-79C92C8FD3CE}.Release|ARM64.Build.0 = Release|Any CPU
		{65B6B03A-D595-4B08-BDC4-79C92C8FD3CE}.Release|x64.ActiveCfg = Release|Any CPU
		{65B6B03A-D595-4B08-BDC4-79C92C8FD3CE}.Release|x64.Build.0 = Release|Any CPU
		{65B6B03A-D595-4B08-BDC4-79C92C8FD3CE}.Release|x86.ActiveCfg = Release|Any CPU
		{65B6B03A-D595-4B08-BDC4-79C92C8FD3CE}.Release|x86.Build.0 = Release|Any CPU
	EndGlobalSection
	GlobalSection(SolutionProperties) = preSolution
		HideSolutionNode = FALSE
	EndGlobalSection
	GlobalSection(ExtensibilityGlobals) = postSolution
		SolutionGuid = {77F43FB4-1BC3-4179-B5FD-177235CDEBF7}
	EndGlobalSection
EndGlobal
